{
  "name": "aoc19",
  "version": "0.1.0",
  "lockfileVersion": 1,
  "requires": true,
  "dependencies": {
    "bs-abstract": {
      "version": "0.18.0",
      "resolved": "https://registry.npmjs.org/bs-abstract/-/bs-abstract-0.18.0.tgz",
      "integrity": "sha512-kohLdSzk6fIw4u+O214/0paiPmhkJ+ChBOrXLWufQGT/aLu6hOWNlLIpWX7BFi7oGEsUMlIBxTs5jPWBT9gnjg=="
    },
    "bs-node": {
      "version": "github:reasonml-community/bs-node#ba6564678fd90c259ee1998d501350d61bf74548",
      "from": "github:reasonml-community/bs-node"
    },
    "bs-platform": {
      "version": "5.2.1",
      "resolved": "https://registry.npmjs.org/bs-platform/-/bs-platform-5.2.1.tgz",
      "integrity": "sha512-3ISP+RBC/NYILiJnphCY0W3RTYpQ11JGa2dBBLVug5fpFZ0qtSaL3ZplD8MyjNeXX2bC7xgrWfgBSn8Tc9om7Q==",
      "dev": true
    },
    "reason-future": {
      "version": "2.5.0",
      "resolved": "https://registry.npmjs.org/reason-future/-/reason-future-2.5.0.tgz",
      "integrity": "sha512-rzrMQlRfQYlyiryQQJfgj04IEUN1Eau4JLnorlEVSm6Yxp2Kq6no3p+dWCocz5BLR9wIFPnSFMloLNP4ErK6ag=="
    },
    "relude": {
      "version": "0.38.0",
      "resolved": "https://registry.npmjs.org/relude/-/relude-0.38.0.tgz",
      "integrity": "sha512-iUaQLDmrpF5QnytFLAlZdlpSxvf4cesbAZsNTKgD5rQPLQNOwXYzQFV1tlyqoczatPnpOZXon1WkWQyPLSXrmw=="
    }
  }
}
