# THIS IS AN AUTOGENERATED FILE. DO NOT EDIT THIS FILE DIRECTLY.
# yarn lockfile v1


bs-abstract@^0.18.0:
  version "0.18.0"
  resolved "https://registry.yarnpkg.com/bs-abstract/-/bs-abstract-0.18.0.tgz#5ea6d131aaa8b1738832eca472c12d9e9ab6968a"
  integrity sha512-kohLdSzk6fIw4u+O214/0paiPmhkJ+ChBOrXLWufQGT/aLu6hOWNlLIpWX7BFi7oGEsUMlIBxTs5jPWBT9gnjg==

"bs-node@github:reasonml-community/bs-node":
  version "0.0.1"
  resolved "https://codeload.github.com/reasonml-community/bs-node/tar.gz/d1fd002b0391c6e4b153d90c38fe60e0ac800487"

bs-platform@^5.2.1:
  version "5.2.1"
  resolved "https://registry.yarnpkg.com/bs-platform/-/bs-platform-5.2.1.tgz#3f76f6d4f4c7255296375a8104c8be332770b691"
  integrity sha512-3ISP+RBC/NYILiJnphCY0W3RTYpQ11JGa2dBBLVug5fpFZ0qtSaL3ZplD8MyjNeXX2bC7xgrWfgBSn8Tc9om7Q==

relude@^0.38.0:
  version "0.38.0"
  resolved "https://registry.yarnpkg.com/relude/-/relude-0.38.0.tgz#aca6b20d7638b9fbaf66ffbdaeebdfe1da4b92a3"
  integrity sha512-iUaQLDmrpF5QnytFLAlZdlpSxvf4cesbAZsNTKgD5rQPLQNOwXYzQFV1tlyqoczatPnpOZXon1WkWQyPLSXrmw==
